
Microsoft Visual Studio Solution File, Format Version 11.00
# Visual Studio 2010
Project("{FAE04EC0-301F-11D3-BF4B-00C04F79EFBC}") = "ForumClientCore", "ForumClientCore\ForumClientCore.csproj", "{EE409FC7-F8B3-430D-8C3A-277FB90A0349}"
	ProjectSection(ProjectDependencies) = postProject
		{A27A133F-3BE9-4869-B21E-045605A58827} = {A27A133F-3BE9-4869-B21E-045605A58827}
	EndProjectSection
EndProject
Project("{2150E333-8FDC-42A3-9474-1A3956D46DE8}") = "Solution Items", "Solution Items", "{C8BCFA8B-B789-414C-BA68-D2D9CDCEB304}"
	ProjectSection(SolutionItems) = preProject
		Forum.vsmdi = Forum.vsmdi
		Local.testsettings = Local.testsettings
		TraceAndTestImpact.testsettings = TraceAndTestImpact.testsettings
	EndProjectSection
EndProject
Project("{FAE04EC0-301F-11D3-BF4B-00C04F79EFBC}") = "ForumServer", "ForumServer\ForumServer.csproj", "{A27A133F-3BE9-4869-B21E-045605A58827}"
EndProject
Project("{FAE04EC0-301F-11D3-BF4B-00C04F79EFBC}") = "ForumUtils", "ForumUtils\ForumUtils.csproj", "{8E463DBF-841C-4989-9219-A0AE255F58F9}"
EndProject
Project("{FAE04EC0-301F-11D3-BF4B-00C04F79EFBC}") = "ForumClientGui", "ForumClientGui\ForumClientGui.csproj", "{BE68A022-3E9F-4845-9327-4E29DA8A9169}"
	ProjectSection(ProjectDependencies) = postProject
		{A27A133F-3BE9-4869-B21E-045605A58827} = {A27A133F-3BE9-4869-B21E-045605A58827}
	EndProjectSection
EndProject
Project("{FAE04EC0-301F-11D3-BF4B-00C04F79EFBC}") = "ForumClientConsole", "ForumClientConsole\ForumClientConsole.csproj", "{3FD9B9D9-D1F4-4D88-A4E2-78398712084D}"
	ProjectSection(ProjectDependencies) = postProject
		{A27A133F-3BE9-4869-B21E-045605A58827} = {A27A133F-3BE9-4869-B21E-045605A58827}
	EndProjectSection
EndProject
Project("{FAE04EC0-301F-11D3-BF4B-00C04F79EFBC}") = "ServerTests", "ServerTests\ServerTests.csproj", "{97883F45-BCDE-47BE-8EFF-82B318BE22D9}"
EndProject
Global
	GlobalSection(TestCaseManagementSettings) = postSolution
		CategoryFile = Forum.vsmdi
	EndGlobalSection
	GlobalSection(SolutionConfigurationPlatforms) = preSolution
		Debug|Any CPU = Debug|Any CPU
		Debug|Mixed Platforms = Debug|Mixed Platforms
		Debug|x86 = Debug|x86
		Release|Any CPU = Release|Any CPU
		Release|Mixed Platforms = Release|Mixed Platforms
		Release|x86 = Release|x86
	EndGlobalSection
	GlobalSection(ProjectConfigurationPlatforms) = postSolution
		{EE409FC7-F8B3-430D-8C3A-277FB90A0349}.Debug|Any CPU.ActiveCfg = Debug|x86
		{EE409FC7-F8B3-430D-8C3A-277FB90A0349}.Debug|Mixed Platforms.ActiveCfg = Debug|x86
		{EE409FC7-F8B3-430D-8C3A-277FB90A0349}.Debug|Mixed Platforms.Build.0 = Debug|x86
		{EE409FC7-F8B3-430D-8C3A-277FB90A0349}.Debug|x86.ActiveCfg = Debug|x86
		{EE409FC7-F8B3-430D-8C3A-277FB90A0349}.Debug|x86.Build.0 = Debug|x86
		{EE409FC7-F8B3-430D-8C3A-277FB90A0349}.Release|Any CPU.ActiveCfg = Release|x86
		{EE409FC7-F8B3-430D-8C3A-277FB90A0349}.Release|Mixed Platforms.ActiveCfg = Release|x86
		{EE409FC7-F8B3-430D-8C3A-277FB90A0349}.Release|Mixed Platforms.Build.0 = Release|x86
		{EE409FC7-F8B3-430D-8C3A-277FB90A0349}.Release|x86.ActiveCfg = Release|x86
		{EE409FC7-F8B3-430D-8C3A-277FB90A0349}.Release|x86.Build.0 = Release|x86
		{A27A133F-3BE9-4869-B21E-045605A58827}.Debug|Any CPU.ActiveCfg = Debug|Any CPU
		{A27A133F-3BE9-4869-B21E-045605A58827}.Debug|Any CPU.Build.0 = Debug|Any CPU
		{A27A133F-3BE9-4869-B21E-045605A58827}.Debug|Mixed Platforms.ActiveCfg = Debug|Any CPU
		{A27A133F-3BE9-4869-B21E-045605A58827}.Debug|Mixed Platforms.Build.0 = Debug|Any CPU
		{A27A133F-3BE9-4869-B21E-045605A58827}.Debug|x86.ActiveCfg = Debug|Any CPU
		{A27A133F-3BE9-4869-B21E-045605A58827}.Release|Any CPU.ActiveCfg = Release|Any CPU
		{A27A133F-3BE9-4869-B21E-045605A58827}.Release|Any CPU.Build.0 = Release|Any CPU
		{A27A133F-3BE9-4869-B21E-045605A58827}.Release|Mixed Platforms.ActiveCfg = Release|Any CPU
		{A27A133F-3BE9-4869-B21E-045605A58827}.Release|Mixed Platforms.Build.0 = Release|Any CPU
		{A27A133F-3BE9-4869-B21E-045605A58827}.Release|x86.ActiveCfg = Release|Any CPU
		{8E463DBF-841C-4989-9219-A0AE255F58F9}.Debug|Any CPU.ActiveCfg = Debug|Any CPU
		{8E463DBF-841C-4989-9219-A0AE255F58F9}.Debug|Any CPU.Build.0 = Debug|Any CPU
		{8E463DBF-841C-4989-9219-A0AE255F58F9}.Debug|Mixed Platforms.ActiveCfg = Debug|Any CPU
		{8E463DBF-841C-4989-9219-A0AE255F58F9}.Debug|Mixed Platforms.Build.0 = Debug|Any CPU
		{8E463DBF-841C-4989-9219-A0AE255F58F9}.Debug|x86.ActiveCfg = Debug|Any CPU
		{8E463DBF-841C-4989-9219-A0AE255F58F9}.Release|Any CPU.ActiveCfg = Release|Any CPU
		{8E463DBF-841C-4989-9219-A0AE255F58F9}.Release|Any CPU.Build.0 = Release|Any CPU
		{8E463DBF-841C-4989-9219-A0AE255F58F9}.Release|Mixed Platforms.ActiveCfg = Release|Any CPU
		{8E463DBF-841C-4989-9219-A0AE255F58F9}.Release|Mixed Platforms.Build.0 = Release|Any CPU
		{8E463DBF-841C-4989-9219-A0AE255F58F9}.Release|x86.ActiveCfg = Release|Any CPU
		{BE68A022-3E9F-4845-9327-4E29DA8A9169}.Debug|Any CPU.ActiveCfg = Debug|x86
		{BE68A022-3E9F-4845-9327-4E29DA8A9169}.Debug|Mixed Platforms.ActiveCfg = Debug|x86
		{BE68A022-3E9F-4845-9327-4E29DA8A9169}.Debug|Mixed Platforms.Build.0 = Debug|x86
		{BE68A022-3E9F-4845-9327-4E29DA8A9169}.Debug|x86.ActiveCfg = Debug|x86
		{BE68A022-3E9F-4845-9327-4E29DA8A9169}.Debug|x86.Build.0 = Debug|x86
		{BE68A022-3E9F-4845-9327-4E29DA8A9169}.Release|Any CPU.ActiveCfg = Release|x86
		{BE68A022-3E9F-4845-9327-4E29DA8A9169}.Release|Mixed Platforms.ActiveCfg = Release|x86
		{BE68A022-3E9F-4845-9327-4E29DA8A9169}.Release|Mixed Platforms.Build.0 = Release|x86
		{BE68A022-3E9F-4845-9327-4E29DA8A9169}.Release|x86.ActiveCfg = Release|x86
		{BE68A022-3E9F-4845-9327-4E29DA8A9169}.Release|x86.Build.0 = Release|x86
		{3FD9B9D9-D1F4-4D88-A4E2-78398712084D}.Debug|Any CPU.ActiveCfg = Debug|x86
		{3FD9B9D9-D1F4-4D88-A4E2-78398712084D}.Debug|Mixed Platforms.ActiveCfg = Debug|x86
		{3FD9B9D9-D1F4-4D88-A4E2-78398712084D}.Debug|Mixed Platforms.Build.0 = Debug|x86
		{3FD9B9D9-D1F4-4D88-A4E2-78398712084D}.Debug|x86.ActiveCfg = Debug|x86
		{3FD9B9D9-D1F4-4D88-A4E2-78398712084D}.Debug|x86.Build.0 = Debug|x86
		{3FD9B9D9-D1F4-4D88-A4E2-78398712084D}.Release|Any CPU.ActiveCfg = Release|x86
		{3FD9B9D9-D1F4-4D88-A4E2-78398712084D}.Release|Mixed Platforms.ActiveCfg = Release|x86
		{3FD9B9D9-D1F4-4D88-A4E2-78398712084D}.Release|Mixed Platforms.Build.0 = Release|x86
		{3FD9B9D9-D1F4-4D88-A4E2-78398712084D}.Release|x86.ActiveCfg = Release|x86
		{3FD9B9D9-D1F4-4D88-A4E2-78398712084D}.Release|x86.Build.0 = Release|x86
		{97883F45-BCDE-47BE-8EFF-82B318BE22D9}.Debug|Any CPU.ActiveCfg = Debug|Any CPU
		{97883F45-BCDE-47BE-8EFF-82B318BE22D9}.Debug|Any CPU.Build.0 = Debug|Any CPU
		{97883F45-BCDE-47BE-8EFF-82B318BE22D9}.Debug|Mixed Platforms.ActiveCfg = Debug|Any CPU
		{97883F45-BCDE-47BE-8EFF-82B318BE22D9}.Debug|Mixed Platforms.Build.0 = Debug|Any CPU
		{97883F45-BCDE-47BE-8EFF-82B318BE22D9}.Debug|x86.ActiveCfg = Debug|Any CPU
		{97883F45-BCDE-47BE-8EFF-82B318BE22D9}.Release|Any CPU.ActiveCfg = Release|Any CPU
		{97883F45-BCDE-47BE-8EFF-82B318BE22D9}.Release|Any CPU.Build.0 = Release|Any CPU
		{97883F45-BCDE-47BE-8EFF-82B318BE22D9}.Release|Mixed Platforms.ActiveCfg = Release|Any CPU
		{97883F45-BCDE-47BE-8EFF-82B318BE22D9}.Release|Mixed Platforms.Build.0 = Release|Any CPU
		{97883F45-BCDE-47BE-8EFF-82B318BE22D9}.Release|x86.ActiveCfg = Release|Any CPU
	EndGlobalSection
	GlobalSection(SolutionProperties) = preSolution
		HideSolutionNode = FALSE
	EndGlobalSection
EndGlobal
